<Solution>
  <Project Path="ApiGateway.Tests/ApiGateway.Tests.csproj" />
  <Project Path="ApiGateway/ApiGateway.csproj" />
  <Project Path="EconomyService.Tests/EconomyService.Tests.csproj" />
  <Project Path="EconomyService/EconomyService.csproj" />
  <Project Path="IdentityService.Tests/IdentityService.Tests.csproj" />
  <Project Path="IdentityService/IdentityService.csproj" />
</Solution>
